# This file is automatically @generated by Cargo.
# It is not intended for manual editing.
version = 4

[[package]]
name = "ahash"
version = "0.8.6"
source = "registry+https://github.com/rust-lang/crates.io-index"
checksum = "91429305e9f0a25f6205c5b8e0d2db09e0708a7a6df0f42212bb56c32c8ac97a"
dependencies = [
 "cfg-if",
 "const-random",
 "getrandom 0.2.10",
 "once_cell",
 "version_check",
 "zerocopy",
]

[[package]]
name = "aho-corasick"
version = "1.0.2"
source = "registry+https://github.com/rust-lang/crates.io-index"
checksum = "43f6cb1bf222025340178f382c426f13757b2960e89779dfcb319c32542a5a41"
dependencies = [
 "memchr",
]

[[package]]
name = "allocator-api2"
version = "0.2.16"
source = "registry+https://github.com/rust-lang/crates.io-index"
checksum = "0942ffc6dcaadf03badf6e6a2d0228460359d5e34b57ccdc720b7382dfbd5ec5"

[[package]]
name = "android_system_properties"
version = "0.1.5"
source = "registry+https://github.com/rust-lang/crates.io-index"
checksum = "819e7219dbd41043ac279b19830f2efc897156490d7fd6ea916720117ee66311"
dependencies = [
 "libc",
]

[[package]]
name = "approx"
version = "0.5.1"
source = "registry+https://github.com/rust-lang/crates.io-index"
checksum = "cab112f0a86d568ea0e627cc1d6be74a1e9cd55214684db5561995f6dad897c6"
dependencies = [
 "num-traits",
]

[[package]]
name = "ar_archive_writer"
version = "0.2.0"
source = "registry+https://github.com/rust-lang/crates.io-index"
checksum = "f0c269894b6fe5e9d7ada0cf69b5bf847ff35bc25fc271f08e1d080fce80339a"
dependencies = [
 "object",
]

[[package]]
name = "arrow-array"
version = "56.2.0"
source = "registry+https://github.com/rust-lang/crates.io-index"
checksum = "8548ca7c070d8db9ce7aa43f37393e4bfcf3f2d3681df278490772fd1673d08d"
dependencies = [
 "ahash",
 "arrow-buffer",
 "arrow-data",
 "arrow-schema",
 "chrono",
 "half",
 "hashbrown",
 "num",
]

[[package]]
name = "arrow-buffer"
version = "56.2.0"
source = "registry+https://github.com/rust-lang/crates.io-index"
checksum = "e003216336f70446457e280807a73899dd822feaf02087d31febca1363e2fccc"
dependencies = [
 "bytes",
 "half",
 "num",
]

[[package]]
name = "arrow-data"
version = "56.2.0"
source = "registry+https://github.com/rust-lang/crates.io-index"
checksum = "a5c64fff1d142f833d78897a772f2e5b55b36cb3e6320376f0961ab0db7bd6d0"
dependencies = [
 "arrow-buffer",
 "arrow-schema",
 "half",
 "num",
]

[[package]]
name = "arrow-schema"
version = "56.2.0"
source = "registry+https://github.com/rust-lang/crates.io-index"
checksum = "b3aa9e59c611ebc291c28582077ef25c97f1975383f1479b12f3b9ffee2ffabe"
dependencies = [
 "bitflags 2.4.1",
]

[[package]]
name = "autocfg"
version = "1.1.0"
source = "registry+https://github.com/rust-lang/crates.io-index"
checksum = "d468802bab17cbc0cc575e9b053f41e72aa36bfa6b7f55e3529ffa43161b97fa"

[[package]]
name = "bitflags"
version = "1.3.2"
source = "registry+https://github.com/rust-lang/crates.io-index"
checksum = "bef38d45163c2f1dde094a7dfd33ccf595c92905c8f8f4fdc18d06fb1037718a"

[[package]]
name = "bitflags"
version = "2.4.1"
source = "registry+https://github.com/rust-lang/crates.io-index"
checksum = "327762f6e5a765692301e5bb513e0d9fef63be86bbc14528052b1cd3e6f03e07"

[[package]]
name = "bumpalo"
version = "3.13.0"
source = "registry+https://github.com/rust-lang/crates.io-index"
checksum = "a3e2c3daef883ecc1b5d58c15adae93470a91d425f3532ba1695849656af3fc1"

[[package]]
name = "bytemuck"
version = "1.24.0"
source = "registry+https://github.com/rust-lang/crates.io-index"
checksum = "1fbdf580320f38b612e485521afda1ee26d10cc9884efaaa750d383e13e3c5f4"
dependencies = [
 "bytemuck_derive",
]

[[package]]
name = "bytemuck_derive"
version = "1.10.2"
source = "registry+https://github.com/rust-lang/crates.io-index"
checksum = "f9abbd1bc6865053c427f7198e6af43bfdedc55ab791faed4fbd361d789575ff"
dependencies = [
 "proc-macro2",
 "quote",
 "syn",
]

[[package]]
name = "byteorder"
version = "1.5.0"
source = "registry+https://github.com/rust-lang/crates.io-index"
checksum = "1fd0f2584146f6f2ef48085050886acf353beff7305ebd1ae69500e27c67f64b"

[[package]]
name = "bytes"
version = "1.11.0"
source = "registry+https://github.com/rust-lang/crates.io-index"
checksum = "b35204fbdc0b3f4446b89fc1ac2cf84a8a68971995d0bf2e925ec7cd960f9cb3"

[[package]]
name = "castaway"
version = "0.2.4"
source = "registry+https://github.com/rust-lang/crates.io-index"
checksum = "dec551ab6e7578819132c713a93c022a05d60159dc86e7a7050223577484c55a"
dependencies = [
 "rustversion",
]

[[package]]
name = "cc"
version = "1.2.47"
source = "registry+https://github.com/rust-lang/crates.io-index"
checksum = "cd405d82c84ff7f35739f175f67d8b9fb7687a0e84ccdc78bd3568839827cf07"
dependencies = [
 "find-msvc-tools",
 "shlex",
]

[[package]]
name = "cfg-if"
version = "1.0.0"
source = "registry+https://github.com/rust-lang/crates.io-index"
checksum = "baf1de4339761588bc0619e3cbc0120ee582ebb74b53b4efbf79117bd2da40fd"

[[package]]
name = "chrono"
version = "0.4.42"
source = "registry+https://github.com/rust-lang/crates.io-index"
checksum = "145052bdd345b87320e369255277e3fb5152762ad123a901ef5c262dd38fe8d2"
dependencies = [
 "iana-time-zone",
 "num-traits",
 "windows-link",
]

[[package]]
name = "compact_str"
version = "0.9.0"
source = "registry+https://github.com/rust-lang/crates.io-index"
checksum = "3fdb1325a1cece981e8a296ab8f0f9b63ae357bd0784a9faaf548cc7b480707a"
dependencies = [
 "castaway",
 "cfg-if",
 "itoa",
 "rustversion",
 "ryu",
 "serde",
 "static_assertions",
]

[[package]]
name = "const-random"
version = "0.1.15"
source = "registry+https://github.com/rust-lang/crates.io-index"
checksum = "368a7a772ead6ce7e1de82bfb04c485f3db8ec744f72925af5735e29a22cc18e"
dependencies = [
 "const-random-macro",
 "proc-macro-hack",
]

[[package]]
name = "const-random-macro"
version = "0.1.15"
source = "registry+https://github.com/rust-lang/crates.io-index"
checksum = "9d7d6ab3c3a2282db210df5f02c4dab6e0a7057af0fb7ebd4070f30fe05c0ddb"
dependencies = [
 "getrandom 0.2.10",
 "once_cell",
 "proc-macro-hack",
 "tiny-keccak",
]

[[package]]
name = "core-foundation-sys"
version = "0.8.4"
source = "registry+https://github.com/rust-lang/crates.io-index"
checksum = "e496a50fda8aacccc86d7529e2c1e0892dbd0f898a6b5645b5561b89c3210efa"

[[package]]
name = "crossbeam-deque"
version = "0.8.3"
source = "registry+https://github.com/rust-lang/crates.io-index"
checksum = "ce6fd6f855243022dcecf8702fef0c297d4338e226845fe067f6341ad9fa0cef"
dependencies = [
 "cfg-if",
 "crossbeam-epoch",
 "crossbeam-utils",
]

[[package]]
name = "crossbeam-epoch"
version = "0.9.15"
source = "registry+https://github.com/rust-lang/crates.io-index"
checksum = "ae211234986c545741a7dc064309f67ee1e5ad243d0e48335adc0484d960bcc7"
dependencies = [
 "autocfg",
 "cfg-if",
 "crossbeam-utils",
 "memoffset",
 "scopeguard",
]

[[package]]
name = "crossbeam-utils"
version = "0.8.18"
source = "registry+https://github.com/rust-lang/crates.io-index"
checksum = "c3a430a770ebd84726f584a90ee7f020d28db52c6d02138900f22341f866d39c"
dependencies = [
 "cfg-if",
]

[[package]]
name = "crunchy"
version = "0.2.2"
source = "registry+https://github.com/rust-lang/crates.io-index"
checksum = "7a81dae078cea95a014a339291cec439d2f232ebe854a9d672b796c6afafa9b7"

[[package]]
name = "dyn-clone"
version = "1.0.11"
source = "registry+https://github.com/rust-lang/crates.io-index"
checksum = "68b0cf012f1230e43cd00ebb729c6bb58707ecfa8ad08b52ef3a4ccd2697fc30"

[[package]]
name = "either"
version = "1.15.0"
source = "registry+https://github.com/rust-lang/crates.io-index"
checksum = "48c757948c5ede0e46177b7add2e67155f70e33c07fea8284df6576da70b3719"

[[package]]
name = "equivalent"
version = "1.0.1"
source = "registry+https://github.com/rust-lang/crates.io-index"
checksum = "5443807d6dff69373d433ab9ef5378ad8df50ca6298caf15de6e52e24aaf54d5"

[[package]]
name = "ethnum"
version = "1.3.2"
source = "registry+https://github.com/rust-lang/crates.io-index"
checksum = "0198b9d0078e0f30dedc7acbb21c974e838fc8fae3ee170128658a98cb2c1c04"

[[package]]
name = "find-msvc-tools"
version = "0.1.5"
source = "registry+https://github.com/rust-lang/crates.io-index"
checksum = "3a3076410a55c90011c298b04d0cfa770b00fa04e1e3c97d3f6c9de105a03844"

[[package]]
name = "foldhash"
version = "0.2.0"
source = "registry+https://github.com/rust-lang/crates.io-index"
checksum = "77ce24cb58228fbb8aa041425bb1050850ac19177686ea6e0f41a70416f56fdb"

[[package]]
name = "geo-traits"
version = "0.3.0"
source = "registry+https://github.com/rust-lang/crates.io-index"
checksum = "2e7c353d12a704ccfab1ba8bfb1a7fe6cb18b665bf89d37f4f7890edcd260206"
dependencies = [
 "geo-types",
]

[[package]]
name = "geo-types"
version = "0.7.17"
source = "registry+https://github.com/rust-lang/crates.io-index"
checksum = "75a4dcd69d35b2c87a7c83bce9af69fd65c9d68d3833a0ded568983928f3fc99"
dependencies = [
 "approx",
 "num-traits",
 "serde",
]

[[package]]
name = "geoarrow-array"
version = "0.6.2"
source = "registry+https://github.com/rust-lang/crates.io-index"
checksum = "7d1884b17253d8572e88833c282fcbb442365e4ae5f9052ced2831608253436c"
dependencies = [
 "arrow-array",
 "arrow-buffer",
 "arrow-schema",
 "geo-traits",
 "geo-types",
 "geoarrow-schema",
 "geoarrow-test",
 "num-traits",
 "wkb",
 "wkt",
]

[[package]]
name = "geoarrow-schema"
version = "0.6.2"
source = "registry+https://github.com/rust-lang/crates.io-index"
checksum = "02f1b18b1c9a44ecd72be02e53d6e63bbccfdc8d1765206226af227327e2be6e"
dependencies = [
 "arrow-schema",
 "geo-traits",
 "serde",
 "serde_json",
 "thiserror",
]

[[package]]
name = "geoarrow-test"
version = "0.6.2"
source = "registry+https://github.com/rust-lang/crates.io-index"
checksum = "3bb2f8243ab49517de64d8fcc41253046977fe3fc430e49629ceb85d4b512db4"
dependencies = [
 "wkt",
]

[[package]]
name = "geopolars-arrow"
version = "0.1.0-alpha.4"
dependencies = [
 "arrow-array",
 "arrow-buffer",
 "arrow-data",
 "arrow-schema",
 "geoarrow-array",
 "geoarrow-schema",
 "polars-arrow",
]

[[package]]
name = "getrandom"
version = "0.2.10"
source = "registry+https://github.com/rust-lang/crates.io-index"
checksum = "be4136b2a15dd319360be1c07d9933517ccf0be8f16bf62a3bee4f0d618df427"
dependencies = [
 "cfg-if",
 "js-sys",
 "libc",
 "wasi",
 "wasm-bindgen",
]

[[package]]
name = "getrandom"
version = "0.3.4"
source = "registry+https://github.com/rust-lang/crates.io-index"
checksum = "899def5c37c4fd7b2664648c28120ecec138e4d395b459e5ca34f9cce2dd77fd"
dependencies = [
 "cfg-if",
 "js-sys",
 "libc",
 "r-efi",
 "wasip2",
 "wasm-bindgen",
]

[[package]]
name = "half"
version = "2.3.1"
source = "registry+https://github.com/rust-lang/crates.io-index"
checksum = "bc52e53916c08643f1b56ec082790d1e86a32e58dc5268f897f313fbae7b4872"
dependencies = [
 "cfg-if",
 "crunchy",
 "num-traits",
]

[[package]]
name = "hashbrown"
version = "0.16.1"
source = "registry+https://github.com/rust-lang/crates.io-index"
checksum = "841d1cc9bed7f9236f321df977030373f4a4163ae1a7dbfe1a51a2c1a51d9100"
dependencies = [
 "allocator-api2",
 "equivalent",
 "foldhash",
 "rayon",
 "serde",
 "serde_core",
]

[[package]]
name = "heck"
version = "0.5.0"
source = "registry+https://github.com/rust-lang/crates.io-index"
checksum = "2304e00983f87ffb38b55b444b5e3b60a884b5d30c0fca7d82fe33449bbe55ea"

[[package]]
name = "iana-time-zone"
version = "0.1.57"
source = "registry+https://github.com/rust-lang/crates.io-index"
checksum = "2fad5b825842d2b38bd206f3e81d6957625fd7f0a361e345c30e01a0ae2dd613"
dependencies = [
 "android_system_properties",
 "core-foundation-sys",
 "iana-time-zone-haiku",
 "js-sys",
 "wasm-bindgen",
 "windows",
]

[[package]]
name = "iana-time-zone-haiku"
version = "0.1.2"
source = "registry+https://github.com/rust-lang/crates.io-index"
checksum = "f31827a206f56af32e590ba56d5d2d085f558508192593743f16b2306495269f"
dependencies = [
 "cc",
]

[[package]]
name = "indexmap"
version = "2.12.1"
source = "registry+https://github.com/rust-lang/crates.io-index"
checksum = "0ad4bb2b565bca0645f4d68c5c9af97fba094e9791da685bf83cb5f3ce74acf2"
dependencies = [
 "equivalent",
 "hashbrown",
 "serde",
 "serde_core",
]

[[package]]
name = "itoa"
version = "1.0.6"
source = "registry+https://github.com/rust-lang/crates.io-index"
checksum = "453ad9f582a441959e5f0d088b02ce04cfe8d51a8eaf077f12ac6d3e94164ca6"

[[package]]
name = "js-sys"
version = "0.3.82"
source = "registry+https://github.com/rust-lang/crates.io-index"
checksum = "b011eec8cc36da2aab2d5cff675ec18454fad408585853910a202391cf9f8e65"
dependencies = [
 "once_cell",
 "wasm-bindgen",
]

[[package]]
name = "libc"
version = "0.2.177"
source = "registry+https://github.com/rust-lang/crates.io-index"
checksum = "2874a2af47a2325c2001a6e6fad9b16a53b802102b528163885171cf92b15976"

[[package]]
name = "libm"
version = "0.2.7"
source = "registry+https://github.com/rust-lang/crates.io-index"
checksum = "f7012b1bbb0719e1097c47611d3898568c546d597c2e74d66f6087edd5233ff4"

[[package]]
name = "lock_api"
version = "0.4.10"
source = "registry+https://github.com/rust-lang/crates.io-index"
checksum = "c1cc9717a20b1bb222f333e6a92fd32f7d8a18ddc5a3191a11af45dcbf4dcd16"
dependencies = [
 "autocfg",
 "scopeguard",
]

[[package]]
name = "log"
version = "0.4.28"
source = "registry+https://github.com/rust-lang/crates.io-index"
checksum = "34080505efa8e45a4b816c349525ebe327ceaa8559756f0356cba97ef3bf7432"

[[package]]
name = "memchr"
version = "2.6.4"
source = "registry+https://github.com/rust-lang/crates.io-index"
checksum = "f665ee40bc4a3c5590afb1e9677db74a508659dfd71e126420da8274909a0167"

[[package]]
name = "memoffset"
version = "0.9.0"
source = "registry+https://github.com/rust-lang/crates.io-index"
checksum = "5a634b1c61a95585bd15607c6ab0c4e5b226e695ff2800ba0cdccddf208c406c"
dependencies = [
 "autocfg",
]

[[package]]
name = "num"
version = "0.4.3"
source = "registry+https://github.com/rust-lang/crates.io-index"
checksum = "35bd024e8b2ff75562e5f34e7f4905839deb4b22955ef5e73d2fea1b9813cb23"
dependencies = [
 "num-bigint",
 "num-complex",
 "num-integer",
 "num-iter",
 "num-rational",
 "num-traits",
]

[[package]]
name = "num-bigint"
version = "0.4.6"
source = "registry+https://github.com/rust-lang/crates.io-index"
checksum = "a5e44f723f1133c9deac646763579fdb3ac745e418f2a7af9cd0c431da1f20b9"
dependencies = [
 "num-integer",
 "num-traits",
]

[[package]]
name = "num-complex"
version = "0.4.6"
source = "registry+https://github.com/rust-lang/crates.io-index"
checksum = "73f88a1307638156682bada9d7604135552957b7818057dcef22705b4d509495"
dependencies = [
 "num-traits",
]

[[package]]
name = "num-integer"
version = "0.1.46"
source = "registry+https://github.com/rust-lang/crates.io-index"
checksum = "7969661fd2958a5cb096e56c8e1ad0444ac2bbcd0061bd28660485a44879858f"
dependencies = [
 "num-traits",
]

[[package]]
name = "num-iter"
version = "0.1.45"
source = "registry+https://github.com/rust-lang/crates.io-index"
checksum = "1429034a0490724d0075ebb2bc9e875d6503c3cf69e235a8941aa757d83ef5bf"
dependencies = [
 "autocfg",
 "num-integer",
 "num-traits",
]

[[package]]
name = "num-rational"
version = "0.4.2"
source = "registry+https://github.com/rust-lang/crates.io-index"
checksum = "f83d14da390562dca69fc84082e73e548e1ad308d24accdedd2720017cb37824"
dependencies = [
 "num-bigint",
 "num-integer",
 "num-traits",
]

[[package]]
name = "num-traits"
version = "0.2.19"
source = "registry+https://github.com/rust-lang/crates.io-index"
checksum = "071dfc062690e90b734c0b2273ce72ad0ffa95f0c74596bc250dcfd960262841"
dependencies = [
 "autocfg",
 "libm",
]

[[package]]
name = "num_enum"
version = "0.7.5"
source = "registry+https://github.com/rust-lang/crates.io-index"
checksum = "b1207a7e20ad57b847bbddc6776b968420d38292bbfe2089accff5e19e82454c"
dependencies = [
 "num_enum_derive",
 "rustversion",
]

[[package]]
name = "num_enum_derive"
version = "0.7.5"
source = "registry+https://github.com/rust-lang/crates.io-index"
checksum = "ff32365de1b6743cb203b710788263c44a03de03802daf96092f2da4fe6ba4d7"
dependencies = [
 "proc-macro-crate",
 "proc-macro2",
 "quote",
 "syn",
]

[[package]]
name = "object"
version = "0.32.2"
source = "registry+https://github.com/rust-lang/crates.io-index"
checksum = "a6a622008b6e321afc04970976f62ee297fdbaa6f95318ca343e3eebb9648441"
dependencies = [
 "memchr",
]

[[package]]
name = "once_cell"
version = "1.18.0"
source = "registry+https://github.com/rust-lang/crates.io-index"
checksum = "dd8b5dd2ae5ed71462c540258bedcb51965123ad7e7ccf4b9a8cafaa4a63576d"

[[package]]
name = "parking_lot"
version = "0.12.1"
source = "registry+https://github.com/rust-lang/crates.io-index"
checksum = "3742b2c103b9f06bc9fff0a37ff4912935851bee6d36f3c02bcc755bcfec228f"
dependencies = [
 "lock_api",
 "parking_lot_core",
]

[[package]]
name = "parking_lot_core"
version = "0.9.8"
source = "registry+https://github.com/rust-lang/crates.io-index"
checksum = "93f00c865fe7cabf650081affecd3871070f26767e7b2070a3ffae14c654b447"
dependencies = [
 "cfg-if",
 "libc",
 "redox_syscall",
 "smallvec",
 "windows-targets 0.48.0",
]

[[package]]
name = "polars-arrow"
version = "0.52.0"
source = "registry+https://github.com/rust-lang/crates.io-index"
checksum = "33d3fe43f8702cf7899ff3d516c2e5f7dc84ee6f6a3007e1a831a0ff87940704"
dependencies = [
 "bitflags 2.4.1",
 "bytemuck",
 "chrono",
 "dyn-clone",
 "either",
 "ethnum",
 "getrandom 0.2.10",
 "getrandom 0.3.4",
 "hashbrown",
 "num-traits",
 "polars-error",
 "polars-schema",
 "polars-utils",
 "simdutf8",
 "streaming-iterator",
 "strum_macros",
 "version_check",
]

[[package]]
name = "polars-error"
version = "0.52.0"
source = "registry+https://github.com/rust-lang/crates.io-index"
checksum = "f9a6be22566c89f6405f553bfdb7c8a6cb20ec51b35f3172de9a25fa3e252d85"
dependencies = [
 "parking_lot",
 "signal-hook",
 "simdutf8",
]

[[package]]
name = "polars-schema"
version = "0.52.0"
source = "registry+https://github.com/rust-lang/crates.io-index"
checksum = "f73e21d429ae1c23f442b0220ccfe773a9734a44e997b5062a741842909d9441"
dependencies = [
 "indexmap",
 "polars-error",
 "polars-utils",
 "version_check",
]

[[package]]
name = "polars-utils"
version = "0.52.0"
source = "registry+https://github.com/rust-lang/crates.io-index"
checksum = "667c1bc2d2313f934d711f6e3b58d8d9f80351d14ea60af936a26b7dfb06e309"
dependencies = [
 "bytemuck",
 "bytes",
 "compact_str",
 "either",
 "foldhash",
 "hashbrown",
 "indexmap",
 "libc",
 "num-traits",
 "polars-error",
 "rand",
 "raw-cpuid",
 "rayon",
 "regex",
 "slotmap",
 "stacker",
 "uuid",
 "version_check",
]

[[package]]
name = "ppv-lite86"
version = "0.2.17"
source = "registry+https://github.com/rust-lang/crates.io-index"
checksum = "5b40af805b3121feab8a3c29f04d8ad262fa8e0561883e7653e024ae4479e6de"

[[package]]
name = "proc-macro-crate"
version = "3.4.0"
source = "registry+https://github.com/rust-lang/crates.io-index"
checksum = "219cb19e96be00ab2e37d6e299658a0cfa83e52429179969b0f0121b4ac46983"
dependencies = [
 "toml_edit",
]

[[package]]
name = "proc-macro-hack"
version = "0.5.20+deprecated"
source = "registry+https://github.com/rust-lang/crates.io-index"
checksum = "dc375e1527247fe1a97d8b7156678dfe7c1af2fc075c9a4db3690ecd2a148068"

[[package]]
name = "proc-macro2"
version = "1.0.103"
source = "registry+https://github.com/rust-lang/crates.io-index"
checksum = "5ee95bc4ef87b8d5ba32e8b7714ccc834865276eab0aed5c9958d00ec45f49e8"
dependencies = [
 "unicode-ident",
]

[[package]]
name = "psm"
version = "0.1.28"
source = "registry+https://github.com/rust-lang/crates.io-index"
checksum = "d11f2fedc3b7dafdc2851bc52f277377c5473d378859be234bc7ebb593144d01"
dependencies = [
 "ar_archive_writer",
 "cc",
]

[[package]]
name = "quote"
version = "1.0.42"
source = "registry+https://github.com/rust-lang/crates.io-index"
checksum = "a338cc41d27e6cc6dce6cefc13a0729dfbb81c262b1f519331575dd80ef3067f"
dependencies = [
 "proc-macro2",
]

[[package]]
name = "r-efi"
version = "5.3.0"
source = "registry+https://github.com/rust-lang/crates.io-index"
checksum = "69cdb34c158ceb288df11e18b4bd39de994f6657d83847bdffdbd7f346754b0f"

[[package]]
name = "rand"
version = "0.9.2"
source = "registry+https://github.com/rust-lang/crates.io-index"
checksum = "6db2770f06117d490610c7488547d543617b21bfa07796d7a12f6f1bd53850d1"
dependencies = [
 "rand_chacha",
 "rand_core",
]

[[package]]
name = "rand_chacha"
version = "0.9.0"
source = "registry+https://github.com/rust-lang/crates.io-index"
checksum = "d3022b5f1df60f26e1ffddd6c66e8aa15de382ae63b3a0c1bfc0e4d3e3f325cb"
dependencies = [
 "ppv-lite86",
 "rand_core",
]

[[package]]
name = "rand_core"
version = "0.9.3"
source = "registry+https://github.com/rust-lang/crates.io-index"
checksum = "99d9a13982dcf210057a8a78572b2217b667c3beacbf3a0d8b454f6f82837d38"
dependencies = [
 "getrandom 0.3.4",
]

[[package]]
name = "raw-cpuid"
version = "11.6.0"
source = "registry+https://github.com/rust-lang/crates.io-index"
checksum = "498cd0dc59d73224351ee52a95fee0f1a617a2eae0e7d9d720cc622c73a54186"
dependencies = [
 "bitflags 2.4.1",
]

[[package]]
name = "rayon"
version = "1.11.0"
source = "registry+https://github.com/rust-lang/crates.io-index"
checksum = "368f01d005bf8fd9b1206fb6fa653e6c4a81ceb1466406b81792d87c5677a58f"
dependencies = [
 "either",
 "rayon-core",
]

[[package]]
name = "rayon-core"
version = "1.13.0"
source = "registry+https://github.com/rust-lang/crates.io-index"
checksum = "22e18b0f0062d30d4230b2e85ff77fdfe4326feb054b9783a3460d8435c8ab91"
dependencies = [
 "crossbeam-deque",
 "crossbeam-utils",
]

[[package]]
name = "redox_syscall"
version = "0.3.5"
source = "registry+https://github.com/rust-lang/crates.io-index"
checksum = "567664f262709473930a4bf9e51bf2ebf3348f2e748ccc50dea20646858f8f29"
dependencies = [
 "bitflags 1.3.2",
]

[[package]]
name = "regex"
version = "1.10.2"
source = "registry+https://github.com/rust-lang/crates.io-index"
checksum = "380b951a9c5e80ddfd6136919eef32310721aa4aacd4889a8d39124b026ab343"
dependencies = [
 "aho-corasick",
 "memchr",
 "regex-automata",
 "regex-syntax",
]

[[package]]
name = "regex-automata"
version = "0.4.3"
source = "registry+https://github.com/rust-lang/crates.io-index"
checksum = "5f804c7828047e88b2d32e2d7fe5a105da8ee3264f01902f796c8e067dc2483f"
dependencies = [
 "aho-corasick",
 "memchr",
 "regex-syntax",
]

[[package]]
name = "regex-syntax"
version = "0.8.2"
source = "registry+https://github.com/rust-lang/crates.io-index"
checksum = "c08c74e62047bb2de4ff487b251e4a92e24f48745648451635cec7d591162d9f"

[[package]]
name = "rustversion"
version = "1.0.12"
source = "registry+https://github.com/rust-lang/crates.io-index"
checksum = "4f3208ce4d8448b3f3e7d168a73f5e0c43a61e32930de3bceeccedb388b6bf06"

[[package]]
name = "ryu"
version = "1.0.13"
source = "registry+https://github.com/rust-lang/crates.io-index"
checksum = "f91339c0467de62360649f8d3e185ca8de4224ff281f66000de5eb2a77a79041"

[[package]]
name = "scopeguard"
version = "1.1.0"
source = "registry+https://github.com/rust-lang/crates.io-index"
checksum = "d29ab0c6d3fc0ee92fe66e2d99f700eab17a8d57d1c1d3b748380fb20baa78cd"

[[package]]
name = "serde"
version = "1.0.228"
source = "registry+https://github.com/rust-lang/crates.io-index"
checksum = "9a8e94ea7f378bd32cbbd37198a4a91436180c5bb472411e48b5ec2e2124ae9e"
dependencies = [
 "serde_core",
 "serde_derive",
]

[[package]]
name = "serde_core"
version = "1.0.228"
source = "registry+https://github.com/rust-lang/crates.io-index"
checksum = "41d385c7d4ca58e59fc732af25c3983b67ac852c1a25000afe1175de458b67ad"
dependencies = [
 "serde_derive",
]

[[package]]
name = "serde_derive"
version = "1.0.228"
source = "registry+https://github.com/rust-lang/crates.io-index"
checksum = "d540f220d3187173da220f885ab66608367b6574e925011a9353e4badda91d79"
dependencies = [
 "proc-macro2",
 "quote",
 "syn",
]

[[package]]
name = "serde_json"
version = "1.0.145"
source = "registry+https://github.com/rust-lang/crates.io-index"
checksum = "402a6f66d8c709116cf22f558eab210f5a50187f702eb4d7e5ef38d9a7f1c79c"
dependencies = [
 "itoa",
 "memchr",
 "ryu",
 "serde",
 "serde_core",
]

[[package]]
name = "shlex"
version = "1.3.0"
source = "registry+https://github.com/rust-lang/crates.io-index"
checksum = "0fda2ff0d084019ba4d7c6f371c95d8fd75ce3524c3cb8fb653a3023f6323e64"

[[package]]
name = "signal-hook"
version = "0.3.18"
source = "registry+https://github.com/rust-lang/crates.io-index"
checksum = "d881a16cf4426aa584979d30bd82cb33429027e42122b169753d6ef1085ed6e2"
dependencies = [
 "libc",
 "signal-hook-registry",
]

[[package]]
name = "signal-hook-registry"
version = "1.4.7"
source = "registry+https://github.com/rust-lang/crates.io-index"
checksum = "7664a098b8e616bdfcc2dc0e9ac44eb231eedf41db4e9fe95d8d32ec728dedad"
dependencies = [
 "libc",
]

[[package]]
name = "simdutf8"
version = "0.1.4"
source = "registry+https://github.com/rust-lang/crates.io-index"
checksum = "f27f6278552951f1f2b8cf9da965d10969b2efdea95a6ec47987ab46edfe263a"

[[package]]
name = "slotmap"
version = "1.0.7"
source = "registry+https://github.com/rust-lang/crates.io-index"
checksum = "dbff4acf519f630b3a3ddcfaea6c06b42174d9a44bc70c620e9ed1649d58b82a"
dependencies = [
 "version_check",
]

[[package]]
name = "smallvec"
version = "1.10.0"
source = "registry+https://github.com/rust-lang/crates.io-index"
checksum = "a507befe795404456341dfab10cef66ead4c041f62b8b11bbb92bffe5d0953e0"

[[package]]
name = "stacker"
version = "0.1.22"
source = "registry+https://github.com/rust-lang/crates.io-index"
checksum = "e1f8b29fb42aafcea4edeeb6b2f2d7ecd0d969c48b4cf0d2e64aafc471dd6e59"
dependencies = [
 "cc",
 "cfg-if",
 "libc",
 "psm",
 "windows-sys",
]

[[package]]
name = "static_assertions"
version = "1.1.0"
source = "registry+https://github.com/rust-lang/crates.io-index"
checksum = "a2eb9349b6444b326872e140eb1cf5e7c522154d69e7a0ffb0fb81c06b37543f"

[[package]]
name = "streaming-iterator"
version = "0.1.9"
source = "registry+https://github.com/rust-lang/crates.io-index"
checksum = "2b2231b7c3057d5e4ad0156fb3dc807d900806020c5ffa3ee6ff2c8c76fb8520"

[[package]]
name = "strum_macros"
version = "0.27.2"
source = "registry+https://github.com/rust-lang/crates.io-index"
checksum = "7695ce3845ea4b33927c055a39dc438a45b059f7c1b3d91d38d10355fb8cbca7"
dependencies = [
 "heck",
 "proc-macro2",
 "quote",
 "syn",
]

[[package]]
name = "syn"
version = "2.0.111"
source = "registry+https://github.com/rust-lang/crates.io-index"
checksum = "390cc9a294ab71bdb1aa2e99d13be9c753cd2d7bd6560c77118597410c4d2e87"
dependencies = [
 "proc-macro2",
 "quote",
 "unicode-ident",
]

[[package]]
name = "thiserror"
version = "1.0.69"
source = "registry+https://github.com/rust-lang/crates.io-index"
checksum = "b6aaf5339b578ea85b50e080feb250a3e8ae8cfcdff9a461c9ec2904bc923f52"
dependencies = [
 "thiserror-impl",
]

[[package]]
name = "thiserror-impl"
version = "1.0.69"
source = "registry+https://github.com/rust-lang/crates.io-index"
checksum = "4fee6c4efc90059e10f81e6d42c60a18f76588c3d74cb83a0b242a2b6c7504c1"
dependencies = [
 "proc-macro2",
 "quote",
 "syn",
]

[[package]]
name = "tiny-keccak"
version = "2.0.2"
source = "registry+https://github.com/rust-lang/crates.io-index"
checksum = "2c9d3793400a45f954c52e73d068316d76b6f4e36977e3fcebb13a2721e80237"
dependencies = [
 "crunchy",
]

[[package]]
name = "toml_datetime"
version = "0.7.3"
source = "registry+https://github.com/rust-lang/crates.io-index"
checksum = "f2cdb639ebbc97961c51720f858597f7f24c4fc295327923af55b74c3c724533"
dependencies = [
 "serde_core",
]

[[package]]
name = "toml_edit"
version = "0.23.7"
source = "registry+https://github.com/rust-lang/crates.io-index"
checksum = "6485ef6d0d9b5d0ec17244ff7eb05310113c3f316f2d14200d4de56b3cb98f8d"
dependencies = [
 "indexmap",
 "toml_datetime",
 "toml_parser",
 "winnow",
]

[[package]]
name = "toml_parser"
version = "1.0.4"
source = "registry+https://github.com/rust-lang/crates.io-index"
checksum = "c0cbe268d35bdb4bb5a56a2de88d0ad0eb70af5384a99d648cd4b3d04039800e"
dependencies = [
 "winnow",
]

[[package]]
name = "unicode-ident"
version = "1.0.9"
source = "registry+https://github.com/rust-lang/crates.io-index"
checksum = "b15811caf2415fb889178633e7724bad2509101cde276048e013b9def5e51fa0"

[[package]]
name = "uuid"
version = "1.18.1"
source = "registry+https://github.com/rust-lang/crates.io-index"
checksum = "2f87b8aa10b915a06587d0dec516c282ff295b475d94abf425d62b57710070a2"
dependencies = [
 "getrandom 0.3.4",
 "js-sys",
 "wasm-bindgen",
]

[[package]]
name = "version_check"
version = "0.9.4"
source = "registry+https://github.com/rust-lang/crates.io-index"
checksum = "49874b5167b65d7193b8aba1567f5c7d93d001cafc34600cee003eda787e483f"

[[package]]
name = "wasi"
version = "0.11.0+wasi-snapshot-preview1"
source = "registry+https://github.com/rust-lang/crates.io-index"
checksum = "9c8d87e72b64a3b4db28d11ce29237c246188f4f51057d65a7eab63b7987e423"

[[package]]
name = "wasip2"
version = "1.0.1+wasi-0.2.4"
source = "registry+https://github.com/rust-lang/crates.io-index"
checksum = "0562428422c63773dad2c345a1882263bbf4d65cf3f42e90921f787ef5ad58e7"
dependencies = [
 "wit-bindgen",
]

[[package]]
name = "wasm-bindgen"
version = "0.2.105"
source = "registry+https://github.com/rust-lang/crates.io-index"
checksum = "da95793dfc411fbbd93f5be7715b0578ec61fe87cb1a42b12eb625caa5c5ea60"
dependencies = [
 "cfg-if",
 "once_cell",
 "rustversion",
 "wasm-bindgen-macro",
 "wasm-bindgen-shared",
]

[[package]]
name = "wasm-bindgen-macro"
version = "0.2.105"
source = "registry+https://github.com/rust-lang/crates.io-index"
checksum = "04264334509e04a7bf8690f2384ef5265f05143a4bff3889ab7a3269adab59c2"
dependencies = [
 "quote",
 "wasm-bindgen-macro-support",
]

[[package]]
name = "wasm-bindgen-macro-support"
version = "0.2.105"
source = "registry+https://github.com/rust-lang/crates.io-index"
checksum = "420bc339d9f322e562942d52e115d57e950d12d88983a14c79b86859ee6c7ebc"
dependencies = [
 "bumpalo",
 "proc-macro2",
 "quote",
 "syn",
 "wasm-bindgen-shared",
]

[[package]]
name = "wasm-bindgen-shared"
version = "0.2.105"
source = "registry+https://github.com/rust-lang/crates.io-index"
checksum = "76f218a38c84bcb33c25ec7059b07847d465ce0e0a76b995e134a45adcb6af76"
dependencies = [
 "unicode-ident",
]

[[package]]
name = "windows"
version = "0.48.0"
source = "registry+https://github.com/rust-lang/crates.io-index"
checksum = "e686886bc078bc1b0b600cac0147aadb815089b6e4da64016cbd754b6342700f"
dependencies = [
 "windows-targets 0.48.0",
]

[[package]]
name = "windows-link"
version = "0.2.1"
source = "registry+https://github.com/rust-lang/crates.io-index"
checksum = "f0805222e57f7521d6a62e36fa9163bc891acd422f971defe97d64e70d0a4fe5"

[[package]]
name = "windows-sys"
version = "0.59.0"
source = "registry+https://github.com/rust-lang/crates.io-index"
checksum = "1e38bc4d79ed67fd075bcc251a1c39b32a1776bbe92e5bef1f0bf1f8c531853b"
dependencies = [
 "windows-targets 0.52.6",
]

[[package]]
name = "windows-targets"
version = "0.48.0"
source = "registry+https://github.com/rust-lang/crates.io-index"
checksum = "7b1eb6f0cd7c80c79759c929114ef071b87354ce476d9d94271031c0497adfd5"
dependencies = [
 "windows_aarch64_gnullvm 0.48.0",
 "windows_aarch64_msvc 0.48.0",
 "windows_i686_gnu 0.48.0",
 "windows_i686_msvc 0.48.0",
 "windows_x86_64_gnu 0.48.0",
 "windows_x86_64_gnullvm 0.48.0",
 "windows_x86_64_msvc 0.48.0",
]

[[package]]
name = "windows-targets"
version = "0.52.6"
source = "registry+https://github.com/rust-lang/crates.io-index"
checksum = "9b724f72796e036ab90c1021d4780d4d3d648aca59e491e6b98e725b84e99973"
dependencies = [
 "windows_aarch64_gnullvm 0.52.6",
 "windows_aarch64_msvc 0.52.6",
 "windows_i686_gnu 0.52.6",
 "windows_i686_gnullvm",
 "windows_i686_msvc 0.52.6",
 "windows_x86_64_gnu 0.52.6",
 "windows_x86_64_gnullvm 0.52.6",
 "windows_x86_64_msvc 0.52.6",
]

[[package]]
name = "windows_aarch64_gnullvm"
version = "0.48.0"
source = "registry+https://github.com/rust-lang/crates.io-index"
checksum = "91ae572e1b79dba883e0d315474df7305d12f569b400fcf90581b06062f7e1bc"

[[package]]
name = "windows_aarch64_gnullvm"
version = "0.52.6"
source = "registry+https://github.com/rust-lang/crates.io-index"
checksum = "32a4622180e7a0ec044bb555404c800bc9fd9ec262ec147edd5989ccd0c02cd3"

[[package]]
name = "windows_aarch64_msvc"
version = "0.48.0"
source = "registry+https://github.com/rust-lang/crates.io-index"
checksum = "b2ef27e0d7bdfcfc7b868b317c1d32c641a6fe4629c171b8928c7b08d98d7cf3"

[[package]]
name = "windows_aarch64_msvc"
version = "0.52.6"
source = "registry+https://github.com/rust-lang/crates.io-index"
checksum = "09ec2a7bb152e2252b53fa7803150007879548bc709c039df7627cabbd05d469"

[[package]]
name = "windows_i686_gnu"
version = "0.48.0"
source = "registry+https://github.com/rust-lang/crates.io-index"
checksum = "622a1962a7db830d6fd0a69683c80a18fda201879f0f447f065a3b7467daa241"

[[package]]
name = "windows_i686_gnu"
version = "0.52.6"
source = "registry+https://github.com/rust-lang/crates.io-index"
checksum = "8e9b5ad5ab802e97eb8e295ac6720e509ee4c243f69d781394014ebfe8bbfa0b"

[[package]]
name = "windows_i686_gnullvm"
version = "0.52.6"
source = "registry+https://github.com/rust-lang/crates.io-index"
checksum = "0eee52d38c090b3caa76c563b86c3a4bd71ef1a819287c19d586d7334ae8ed66"

[[package]]
name = "windows_i686_msvc"
version = "0.48.0"
source = "registry+https://github.com/rust-lang/crates.io-index"
checksum = "4542c6e364ce21bf45d69fdd2a8e455fa38d316158cfd43b3ac1c5b1b19f8e00"

[[package]]
name = "windows_i686_msvc"
version = "0.52.6"
source = "registry+https://github.com/rust-lang/crates.io-index"
checksum = "240948bc05c5e7c6dabba28bf89d89ffce3e303022809e73deaefe4f6ec56c66"

[[package]]
name = "windows_x86_64_gnu"
version = "0.48.0"
source = "registry+https://github.com/rust-lang/crates.io-index"
checksum = "ca2b8a661f7628cbd23440e50b05d705db3686f894fc9580820623656af974b1"

[[package]]
name = "windows_x86_64_gnu"
version = "0.52.6"
source = "registry+https://github.com/rust-lang/crates.io-index"
checksum = "147a5c80aabfbf0c7d901cb5895d1de30ef2907eb21fbbab29ca94c5b08b1a78"

[[package]]
name = "windows_x86_64_gnullvm"
version = "0.48.0"
source = "registry+https://github.com/rust-lang/crates.io-index"
checksum = "7896dbc1f41e08872e9d5e8f8baa8fdd2677f29468c4e156210174edc7f7b953"

[[package]]
name = "windows_x86_64_gnullvm"
version = "0.52.6"
source = "registry+https://github.com/rust-lang/crates.io-index"
checksum = "24d5b23dc417412679681396f2b49f3de8c1473deb516bd34410872eff51ed0d"

[[package]]
name = "windows_x86_64_msvc"
version = "0.48.0"
source = "registry+https://github.com/rust-lang/crates.io-index"
checksum = "1a515f5799fe4961cb532f983ce2b23082366b898e52ffbce459c86f67c8378a"

[[package]]
name = "windows_x86_64_msvc"
version = "0.52.6"
source = "registry+https://github.com/rust-lang/crates.io-index"
checksum = "589f6da84c646204747d1270a2a5661ea66ed1cced2631d546fdfb155959f9ec"

[[package]]
name = "winnow"
version = "0.7.13"
source = "registry+https://github.com/rust-lang/crates.io-index"
checksum = "21a0236b59786fed61e2a80582dd500fe61f18b5dca67a4a067d0bc9039339cf"
dependencies = [
 "memchr",
]

[[package]]
name = "wit-bindgen"
version = "0.46.0"
source = "registry+https://github.com/rust-lang/crates.io-index"
checksum = "f17a85883d4e6d00e8a97c586de764dabcc06133f7f1d55dce5cdc070ad7fe59"

[[package]]
name = "wkb"
version = "0.9.2"
source = "registry+https://github.com/rust-lang/crates.io-index"
checksum = "a120b336c7ad17749026d50427c23d838ecb50cd64aaea6254b5030152f890a9"
dependencies = [
 "byteorder",
 "geo-traits",
 "num_enum",
 "thiserror",
]

[[package]]
name = "wkt"
version = "0.14.0"
source = "registry+https://github.com/rust-lang/crates.io-index"
checksum = "efb2b923ccc882312e559ffaa832a055ba9d1ac0cc8e86b3e25453247e4b81d7"
dependencies = [
 "geo-traits",
 "geo-types",
 "log",
 "num-traits",
 "thiserror",
]

[[package]]
name = "zerocopy"
version = "0.7.32"
source = "registry+https://github.com/rust-lang/crates.io-index"
checksum = "74d4d3961e53fa4c9a25a8637fc2bfaf2595b3d3ae34875568a5cf64787716be"
dependencies = [
 "zerocopy-derive",
]

[[package]]
name = "zerocopy-derive"
version = "0.7.32"
source = "registry+https://github.com/rust-lang/crates.io-index"
checksum = "9ce1b18ccd8e73a9321186f97e46f9f04b778851177567b1975109d26a08d2a6"
dependencies = [
 "proc-macro2",
 "quote",
 "syn",
]
